
Microsoft Visual Studio Solution File, Format Version 12.00
# Visual Studio Version 16
VisualStudioVersion = 16.0.29215.179
MinimumVisualStudioVersion = 10.0.40219.1
Project("{FAE04EC0-301F-11D3-BF4B-00C04F79EFBC}") = "WindowsFormsApp1", "WindowsFormsApp1\WindowsFormsApp1.csproj", "{FF37AACD-A1D9-4AB3-979A-622AE4D1D5D1}"
EndProject
Global
	GlobalSection(SolutionConfigurationPlatforms) = preSolution
		Debug|Any CPU = Debug|Any CPU
		Release|Any CPU = Release|Any CPU
	EndGlobalSection
	GlobalSection(ProjectConfigurationPlatforms) = postSolution
		{FF37AACD-A1D9-4AB3-979A-622AE4D1D5D1}.Debug|Any CPU.ActiveCfg = Debug|Any CPU
		{FF37AACD-A1D9-4AB3-979A-622AE4D1D5D1}.Debug|Any CPU.Build.0 = Debug|Any CPU
		{FF37AACD-A1D9-4AB3-979A-622AE4D1D5D1}.Release|Any CPU.ActiveCfg = Release|Any CPU
		{FF37AACD-A1D9-4AB3-979A-622AE4D1D5D1}.Release|Any CPU.Build.0 = Release|Any CPU
	EndGlobalSection
	GlobalSection(SolutionProperties) = preSolution
		HideSolutionNode = FALSE
	EndGlobalSection
	GlobalSection(ExtensibilityGlobals) = postSolution
		SolutionGuid = {0F6248E2-C03C-4904-B572-488F1FBA4580}
	EndGlobalSection
EndGlobal
